
Microsoft Visual Studio Solution File, Format Version 12.00
# Visual Studio Version 17
VisualStudioVersion = 17.0.31903.59
MinimumVisualStudioVersion = 10.0.40219.1
Project("{FAE04EC0-301F-11D3-BF4B-00C04F79EFBC}") = "CleanArchMvc.Application", "CleanArchMvc.Application\CleanArchMvc.Application.csproj", "{B40EE9EC-18A4-4A38-812C-4B4A9B140574}"
EndProject
Project("{FAE04EC0-301F-11D3-BF4B-00C04F79EFBC}") = "CleanArchMvc.Domain", "CleanArchMvc.Domain\CleanArchMvc.Domain.csproj", "{2EA55054-7734-4387-B550-BE6AB3F07101}"
EndProject
Project("{FAE04EC0-301F-11D3-BF4B-00C04F79EFBC}") = "CleanArchMvc.Infra.Data", "CleanArchMvc.Infra.Data\CleanArchMvc.Infra.Data.csproj", "{DB8BE709-8525-4834-873C-E91C7CC0EAB6}"
EndProject
Project("{FAE04EC0-301F-11D3-BF4B-00C04F79EFBC}") = "CleanArchMvc.Infra.IoC", "CleanArchMvc.Infra.IoC\CleanArchMvc.Infra.IoC.csproj", "{C03FC9C9-1107-4CFD-8B61-00888163E21F}"
EndProject
Project("{FAE04EC0-301F-11D3-BF4B-00C04F79EFBC}") = "CleanArchMvc.WebUI", "CleanArchMvc.WebUI\CleanArchMvc.WebUI.csproj", "{9FE95EE0-7047-42FE-83AB-0A951F55B335}"
EndProject
Project("{2150E333-8FDC-42A3-9474-1A3956D46DE8}") = "CleanArchMvc.Tests", "CleanArchMvc.Tests", "{FEDAB9BD-6A2C-47D1-8BC2-38A095B1D5A9}"
EndProject
Project("{FAE04EC0-301F-11D3-BF4B-00C04F79EFBC}") = "CleanArchMvc.Domain.Tests", "CleanArchMvc.Tests\CleanArchMvc.Domain.Tests\CleanArchMvc.Domain.Tests.csproj", "{3866EC0D-2197-4551-B549-52245C15C909}"
EndProject
Global
	GlobalSection(SolutionConfigurationPlatforms) = preSolution
		Debug|Any CPU = Debug|Any CPU
		Release|Any CPU = Release|Any CPU
	EndGlobalSection
	GlobalSection(SolutionProperties) = preSolution
		HideSolutionNode = FALSE
	EndGlobalSection
	GlobalSection(ProjectConfigurationPlatforms) = postSolution
		{B40EE9EC-18A4-4A38-812C-4B4A9B140574}.Debug|Any CPU.ActiveCfg = Debug|Any CPU
		{B40EE9EC-18A4-4A38-812C-4B4A9B140574}.Debug|Any CPU.Build.0 = Debug|Any CPU
		{B40EE9EC-18A4-4A38-812C-4B4A9B140574}.Release|Any CPU.ActiveCfg = Release|Any CPU
		{B40EE9EC-18A4-4A38-812C-4B4A9B140574}.Release|Any CPU.Build.0 = Release|Any CPU
		{2EA55054-7734-4387-B550-BE6AB3F07101}.Debug|Any CPU.ActiveCfg = Debug|Any CPU
		{2EA55054-7734-4387-B550-BE6AB3F07101}.Debug|Any CPU.Build.0 = Debug|Any CPU
		{2EA55054-7734-4387-B550-BE6AB3F07101}.Release|Any CPU.ActiveCfg = Release|Any CPU
		{2EA55054-7734-4387-B550-BE6AB3F07101}.Release|Any CPU.Build.0 = Release|Any CPU
		{DB8BE709-8525-4834-873C-E91C7CC0EAB6}.Debug|Any CPU.ActiveCfg = Debug|Any CPU
		{DB8BE709-8525-4834-873C-E91C7CC0EAB6}.Debug|Any CPU.Build.0 = Debug|Any CPU
		{DB8BE709-8525-4834-873C-E91C7CC0EAB6}.Release|Any CPU.ActiveCfg = Release|Any CPU
		{DB8BE709-8525-4834-873C-E91C7CC0EAB6}.Release|Any CPU.Build.0 = Release|Any CPU
		{C03FC9C9-1107-4CFD-8B61-00888163E21F}.Debug|Any CPU.ActiveCfg = Debug|Any CPU
		{C03FC9C9-1107-4CFD-8B61-00888163E21F}.Debug|Any CPU.Build.0 = Debug|Any CPU
		{C03FC9C9-1107-4CFD-8B61-00888163E21F}.Release|Any CPU.ActiveCfg = Release|Any CPU
		{C03FC9C9-1107-4CFD-8B61-00888163E21F}.Release|Any CPU.Build.0 = Release|Any CPU
		{9FE95EE0-7047-42FE-83AB-0A951F55B335}.Debug|Any CPU.ActiveCfg = Debug|Any CPU
		{9FE95EE0-7047-42FE-83AB-0A951F55B335}.Debug|Any CPU.Build.0 = Debug|Any CPU
		{9FE95EE0-7047-42FE-83AB-0A951F55B335}.Release|Any CPU.ActiveCfg = Release|Any CPU
		{9FE95EE0-7047-42FE-83AB-0A951F55B335}.Release|Any CPU.Build.0 = Release|Any CPU
		{3866EC0D-2197-4551-B549-52245C15C909}.Debug|Any CPU.ActiveCfg = Debug|Any CPU
		{3866EC0D-2197-4551-B549-52245C15C909}.Debug|Any CPU.Build.0 = Debug|Any CPU
		{3866EC0D-2197-4551-B549-52245C15C909}.Release|Any CPU.ActiveCfg = Release|Any CPU
		{3866EC0D-2197-4551-B549-52245C15C909}.Release|Any CPU.Build.0 = Release|Any CPU
	EndGlobalSection
	GlobalSection(NestedProjects) = preSolution
		{3866EC0D-2197-4551-B549-52245C15C909} = {FEDAB9BD-6A2C-47D1-8BC2-38A095B1D5A9}
	EndGlobalSection
EndGlobal
